
Microsoft Visual Studio Solution File, Format Version 12.00
# Visual Studio Version 17
VisualStudioVersion = 17.4.33213.308
MinimumVisualStudioVersion = 10.0.40219.1
Project("{FAE04EC0-301F-11D3-BF4B-00C04F79EFBC}") = "P2P", "P2P\P2P.csproj", "{69C9D25B-D6C5-493B-9477-B7F5AAC60A58}"
EndProject
Global
	GlobalSection(SolutionConfigurationPlatforms) = preSolution
		Debug|Any CPU = Debug|Any CPU
		Release|Any CPU = Release|Any CPU
	EndGlobalSection
	GlobalSection(ProjectConfigurationPlatforms) = postSolution
		{69C9D25B-D6C5-493B-9477-B7F5AAC60A58}.Debug|Any CPU.ActiveCfg = Debug|Any CPU
		{69C9D25B-D6C5-493B-9477-B7F5AAC60A58}.Debug|Any CPU.Build.0 = Debug|Any CPU
		{69C9D25B-D6C5-493B-9477-B7F5AAC60A58}.Release|Any CPU.ActiveCfg = Release|Any CPU
		{69C9D25B-D6C5-493B-9477-B7F5AAC60A58}.Release|Any CPU.Build.0 = Release|Any CPU
	EndGlobalSection
	GlobalSection(SolutionProperties) = preSolution
		HideSolutionNode = FALSE
	EndGlobalSection
	GlobalSection(ExtensibilityGlobals) = postSolution
		SolutionGuid = {37351CE7-0BF4-4E29-8E5B-BC21BB63255A}
	EndGlobalSection
EndGlobal
